
Microsoft Visual Studio Solution File, Format Version 12.00
# Visual Studio Version 17
VisualStudioVersion = 17.1.32228.430
MinimumVisualStudioVersion = 10.0.40219.1
Project("{9A19103F-16F7-4668-BE54-9A1E7A4F7556}") = "ConsoleApp", "ConsoleApp\ConsoleApp.csproj", "{55AFF2AB-FEB9-4727-A279-91F76FD158BA}"
	ProjectSection(ProjectDependencies) = postProject
		{E204E00C-9E16-4982-B0A3-4469338CCC5D} = {E204E00C-9E16-4982-B0A3-4469338CCC5D}
	EndProjectSection
EndProject
Project("{9A19103F-16F7-4668-BE54-9A1E7A4F7556}") = "Ejercicio1", "Ejercicio1\Ejercicio1.csproj", "{5029A306-0EB7-453B-A695-1B5761F5A26D}"
EndProject
Project("{9A19103F-16F7-4668-BE54-9A1E7A4F7556}") = "Ejercicio2", "Ejercicio2\Ejercicio2.csproj", "{555E23E6-B38D-4B2C-BF13-98B5DF5A213A}"
EndProject
Project("{9A19103F-16F7-4668-BE54-9A1E7A4F7556}") = "Empleados", "Empleados\Empleados.csproj", "{3C38CF86-207D-4EFB-967F-38DDBDD9B8A5}"
EndProject
Project("{9A19103F-16F7-4668-BE54-9A1E7A4F7556}") = "DesktopApp", "DesktopApp\DesktopApp.csproj", "{E204E00C-9E16-4982-B0A3-4469338CCC5D}"
EndProject
Project("{9A19103F-16F7-4668-BE54-9A1E7A4F7556}") = "AsyncDev", "AsyncDev\AsyncDev.csproj", "{5B98CC2B-FA08-4392-8EDF-F57F7302CDAC}"
EndProject
Project("{FAE04EC0-301F-11D3-BF4B-00C04F79EFBC}") = "APIEmpleados", "APIEmpleados\APIEmpleados.csproj", "{24BC35E9-D5DF-4CAF-A81D-814644A908D5}"
EndProject
Global
	GlobalSection(SolutionConfigurationPlatforms) = preSolution
		Debug|Any CPU = Debug|Any CPU
		Release|Any CPU = Release|Any CPU
	EndGlobalSection
	GlobalSection(ProjectConfigurationPlatforms) = postSolution
		{55AFF2AB-FEB9-4727-A279-91F76FD158BA}.Debug|Any CPU.ActiveCfg = Debug|Any CPU
		{55AFF2AB-FEB9-4727-A279-91F76FD158BA}.Debug|Any CPU.Build.0 = Debug|Any CPU
		{55AFF2AB-FEB9-4727-A279-91F76FD158BA}.Release|Any CPU.ActiveCfg = Release|Any CPU
		{55AFF2AB-FEB9-4727-A279-91F76FD158BA}.Release|Any CPU.Build.0 = Release|Any CPU
		{5029A306-0EB7-453B-A695-1B5761F5A26D}.Debug|Any CPU.ActiveCfg = Debug|Any CPU
		{5029A306-0EB7-453B-A695-1B5761F5A26D}.Debug|Any CPU.Build.0 = Debug|Any CPU
		{5029A306-0EB7-453B-A695-1B5761F5A26D}.Release|Any CPU.ActiveCfg = Release|Any CPU
		{5029A306-0EB7-453B-A695-1B5761F5A26D}.Release|Any CPU.Build.0 = Release|Any CPU
		{555E23E6-B38D-4B2C-BF13-98B5DF5A213A}.Debug|Any CPU.ActiveCfg = Debug|Any CPU
		{555E23E6-B38D-4B2C-BF13-98B5DF5A213A}.Debug|Any CPU.Build.0 = Debug|Any CPU
		{555E23E6-B38D-4B2C-BF13-98B5DF5A213A}.Release|Any CPU.ActiveCfg = Release|Any CPU
		{555E23E6-B38D-4B2C-BF13-98B5DF5A213A}.Release|Any CPU.Build.0 = Release|Any CPU
		{3C38CF86-207D-4EFB-967F-38DDBDD9B8A5}.Debug|Any CPU.ActiveCfg = Debug|Any CPU
		{3C38CF86-207D-4EFB-967F-38DDBDD9B8A5}.Debug|Any CPU.Build.0 = Debug|Any CPU
		{3C38CF86-207D-4EFB-967F-38DDBDD9B8A5}.Release|Any CPU.ActiveCfg = Release|Any CPU
		{3C38CF86-207D-4EFB-967F-38DDBDD9B8A5}.Release|Any CPU.Build.0 = Release|Any CPU
		{E204E00C-9E16-4982-B0A3-4469338CCC5D}.Debug|Any CPU.ActiveCfg = Debug|Any CPU
		{E204E00C-9E16-4982-B0A3-4469338CCC5D}.Debug|Any CPU.Build.0 = Debug|Any CPU
		{E204E00C-9E16-4982-B0A3-4469338CCC5D}.Release|Any CPU.ActiveCfg = Release|Any CPU
		{E204E00C-9E16-4982-B0A3-4469338CCC5D}.Release|Any CPU.Build.0 = Release|Any CPU
		{5B98CC2B-FA08-4392-8EDF-F57F7302CDAC}.Debug|Any CPU.ActiveCfg = Debug|Any CPU
		{5B98CC2B-FA08-4392-8EDF-F57F7302CDAC}.Debug|Any CPU.Build.0 = Debug|Any CPU
		{5B98CC2B-FA08-4392-8EDF-F57F7302CDAC}.Release|Any CPU.ActiveCfg = Release|Any CPU
		{5B98CC2B-FA08-4392-8EDF-F57F7302CDAC}.Release|Any CPU.Build.0 = Release|Any CPU
		{24BC35E9-D5DF-4CAF-A81D-814644A908D5}.Debug|Any CPU.ActiveCfg = Debug|Any CPU
		{24BC35E9-D5DF-4CAF-A81D-814644A908D5}.Debug|Any CPU.Build.0 = Debug|Any CPU
		{24BC35E9-D5DF-4CAF-A81D-814644A908D5}.Release|Any CPU.ActiveCfg = Release|Any CPU
		{24BC35E9-D5DF-4CAF-A81D-814644A908D5}.Release|Any CPU.Build.0 = Release|Any CPU
	EndGlobalSection
	GlobalSection(SolutionProperties) = preSolution
		HideSolutionNode = FALSE
	EndGlobalSection
	GlobalSection(ExtensibilityGlobals) = postSolution
		SolutionGuid = {5B6C2421-D0F7-48A6-820E-54BE14AFC139}
	EndGlobalSection
EndGlobal
